// !$*UTF8*$!
{
	archiveVersion = 1;
	classes = {
	};
	objectVersion = 55;
	objects = {

/* Begin PBXBuildFile section */
		D7D6B5947C74C888EE0824E7 /* Pods_CornOffice.framework in Frameworks */ = {isa = PBXBuildFile; fileRef = 34DAE70FC39FE31A57405D83 /* Pods_CornOffice.framework */; };
		E5530457280EBED000991144 /* HubController.swift in Sources */ = {isa = PBXBuildFile; fileRef = E5530456280EBED000991144 /* HubController.swift */; };
		E5530459280EBEE700991144 /* HubView.swift in Sources */ = {isa = PBXBuildFile; fileRef = E5530458280EBEE700991144 /* HubView.swift */; };
		E5ACC099280E60E3008AA9AB /* SensorManager.swift in Sources */ = {isa = PBXBuildFile; fileRef = E5ACC098280E60E3008AA9AB /* SensorManager.swift */; };
		E5ACC09C280E6121008AA9AB /* SensorModel.swift in Sources */ = {isa = PBXBuildFile; fileRef = E5ACC09B280E6121008AA9AB /* SensorModel.swift */; };
		E5ACC09F280E7CF1008AA9AB /* DeviceManager.swift in Sources */ = {isa = PBXBuildFile; fileRef = E5ACC09E280E7CF1008AA9AB /* DeviceManager.swift */; };
		E5ACC0A1280E7D21008AA9AB /* DeviceModel.swift in Sources */ = {isa = PBXBuildFile; fileRef = E5ACC0A0280E7D21008AA9AB /* DeviceModel.swift */; };
		E5ACC0A6280E96F0008AA9AB /* KettleViewCell.swift in Sources */ = {isa = PBXBuildFile; fileRef = E5ACC0A5280E96F0008AA9AB /* KettleViewCell.swift */; };
		E5E84E3C280D8D220013F5EC /* AppDelegate.swift in Sources */ = {isa = PBXBuildFile; fileRef = E5E84E3B280D8D220013F5EC /* AppDelegate.swift */; };
		E5E84E40280D8D220013F5EC /* LoginController.swift in Sources */ = {isa = PBXBuildFile; fileRef = E5E84E3F280D8D220013F5EC /* LoginController.swift */; };
		E5E84E45280D8D240013F5EC /* Assets.xcassets in Resources */ = {isa = PBXBuildFile; fileRef = E5E84E44280D8D240013F5EC /* Assets.xcassets */; };
		E5E84E48280D8D240013F5EC /* LaunchScreen.storyboard in Resources */ = {isa = PBXBuildFile; fileRef = E5E84E46280D8D240013F5EC /* LaunchScreen.storyboard */; };
		E5F3D851280D97C8007AF7A1 /* LoginView.swift in Sources */ = {isa = PBXBuildFile; fileRef = E5F3D850280D97C8007AF7A1 /* LoginView.swift */; };
		E5F3D854280DA2F4007AF7A1 /* Utilities.swift in Sources */ = {isa = PBXBuildFile; fileRef = E5F3D853280DA2F4007AF7A1 /* Utilities.swift */; };
		E5F3D856280DA5D4007AF7A1 /* GoogleService-Info.plist in Resources */ = {isa = PBXBuildFile; fileRef = E5F3D855280DA5D3007AF7A1 /* GoogleService-Info.plist */; };
		E5F3D858280DA8A0007AF7A1 /* ButtonAnimations.swift in Sources */ = {isa = PBXBuildFile; fileRef = E5F3D857280DA8A0007AF7A1 /* ButtonAnimations.swift */; };
		E5F3D85A280DA969007AF7A1 /* TextFieldValidator.swift in Sources */ = {isa = PBXBuildFile; fileRef = E5F3D859280DA969007AF7A1 /* TextFieldValidator.swift */; };
		E5F3D85D280DBF10007AF7A1 /* SensorsListController.swift in Sources */ = {isa = PBXBuildFile; fileRef = E5F3D85C280DBF10007AF7A1 /* SensorsListController.swift */; };
		E5F3D860280DC043007AF7A1 /* TabBarViewController.swift in Sources */ = {isa = PBXBuildFile; fileRef = E5F3D85F280DC043007AF7A1 /* TabBarViewController.swift */; };
		E5F3D863280DC2AA007AF7A1 /* EntranceScannerController.swift in Sources */ = {isa = PBXBuildFile; fileRef = E5F3D862280DC2AA007AF7A1 /* EntranceScannerController.swift */; };
		E5F3D865280DD061007AF7A1 /* EntranceManager.swift in Sources */ = {isa = PBXBuildFile; fileRef = E5F3D864280DD061007AF7A1 /* EntranceManager.swift */; };
		E5F3D867280DD0C5007AF7A1 /* EntranceModel.swift in Sources */ = {isa = PBXBuildFile; fileRef = E5F3D866280DD0C5007AF7A1 /* EntranceModel.swift */; };
		E5F3D86B280DDAD3007AF7A1 /* SensorsListView.swift in Sources */ = {isa = PBXBuildFile; fileRef = E5F3D86A280DDAD3007AF7A1 /* SensorsListView.swift */; };
		E5F3D86D280DF56C007AF7A1 /* SensorCollectionViewCell.swift in Sources */ = {isa = PBXBuildFile; fileRef = E5F3D86C280DF56C007AF7A1 /* SensorCollectionViewCell.swift */; };
		E5F3D870280E16B0007AF7A1 /* DevicesListController.swift in Sources */ = {isa = PBXBuildFile; fileRef = E5F3D86F280E16B0007AF7A1 /* DevicesListController.swift */; };
		E5F3D872280E16C4007AF7A1 /* DevicesListView.swift in Sources */ = {isa = PBXBuildFile; fileRef = E5F3D871280E16C4007AF7A1 /* DevicesListView.swift */; };
		E5F3D874280E1706007AF7A1 /* BulbViewCell.swift in Sources */ = {isa = PBXBuildFile; fileRef = E5F3D873280E1706007AF7A1 /* BulbViewCell.swift */; };
/* End PBXBuildFile section */

/* Begin PBXFileReference section */
		34DAE70FC39FE31A57405D83 /* Pods_CornOffice.framework */ = {isa = PBXFileReference; explicitFileType = wrapper.framework; includeInIndex = 0; path = Pods_CornOffice.framework; sourceTree = BUILT_PRODUCTS_DIR; };
		C0508754BA3B18C68F8C390E /* Pods-CornOffice.debug.xcconfig */ = {isa = PBXFileReference; includeInIndex = 1; lastKnownFileType = text.xcconfig; name = "Pods-CornOffice.debug.xcconfig"; path = "Target Support Files/Pods-CornOffice/Pods-CornOffice.debug.xcconfig"; sourceTree = "<group>"; };
		C16C23AC866E61CF41C135CB /* Pods-CornOffice.release.xcconfig */ = {isa = PBXFileReference; includeInIndex = 1; lastKnownFileType = text.xcconfig; name = "Pods-CornOffice.release.xcconfig"; path = "Target Support Files/Pods-CornOffice/Pods-CornOffice.release.xcconfig"; sourceTree = "<group>"; };
		E5530456280EBED000991144 /* HubController.swift */ = {isa = PBXFileReference; lastKnownFileType = sourcecode.swift; path = HubController.swift; sourceTree = "<group>"; };
		E5530458280EBEE700991144 /* HubView.swift */ = {isa = PBXFileReference; lastKnownFileType = sourcecode.swift; path = HubView.swift; sourceTree = "<group>"; };
		E5ACC098280E60E3008AA9AB /* SensorManager.swift */ = {isa = PBXFileReference; lastKnownFileType = sourcecode.swift; path = SensorManager.swift; sourceTree = "<group>"; };
		E5ACC09B280E6121008AA9AB /* SensorModel.swift */ = {isa = PBXFileReference; lastKnownFileType = sourcecode.swift; path = SensorModel.swift; sourceTree = "<group>"; };
		E5ACC09E280E7CF1008AA9AB /* DeviceManager.swift */ = {isa = PBXFileReference; lastKnownFileType = sourcecode.swift; path = DeviceManager.swift; sourceTree = "<group>"; };
		E5ACC0A0280E7D21008AA9AB /* DeviceModel.swift */ = {isa = PBXFileReference; lastKnownFileType = sourcecode.swift; path = DeviceModel.swift; sourceTree = "<group>"; };
		E5ACC0A5280E96F0008AA9AB /* KettleViewCell.swift */ = {isa = PBXFileReference; lastKnownFileType = sourcecode.swift; path = KettleViewCell.swift; sourceTree = "<group>"; };
		E5E84E38280D8D220013F5EC /* CornOffice.app */ = {isa = PBXFileReference; explicitFileType = wrapper.application; includeInIndex = 0; path = CornOffice.app; sourceTree = BUILT_PRODUCTS_DIR; };
		E5E84E3B280D8D220013F5EC /* AppDelegate.swift */ = {isa = PBXFileReference; lastKnownFileType = sourcecode.swift; path = AppDelegate.swift; sourceTree = "<group>"; };
		E5E84E3F280D8D220013F5EC /* LoginController.swift */ = {isa = PBXFileReference; lastKnownFileType = sourcecode.swift; path = LoginController.swift; sourceTree = "<group>"; };
		E5E84E44280D8D240013F5EC /* Assets.xcassets */ = {isa = PBXFileReference; lastKnownFileType = folder.assetcatalog; path = Assets.xcassets; sourceTree = "<group>"; };
		E5E84E47280D8D240013F5EC /* Base */ = {isa = PBXFileReference; lastKnownFileType = file.storyboard; name = Base; path = Base.lproj/LaunchScreen.storyboard; sourceTree = "<group>"; };
		E5E84E49280D8D240013F5EC /* Info.plist */ = {isa = PBXFileReference; lastKnownFileType = text.plist.xml; path = Info.plist; sourceTree = "<group>"; };
		E5F3D850280D97C8007AF7A1 /* LoginView.swift */ = {isa = PBXFileReference; lastKnownFileType = sourcecode.swift; path = LoginView.swift; sourceTree = "<group>"; };
		E5F3D853280DA2F4007AF7A1 /* Utilities.swift */ = {isa = PBXFileReference; lastKnownFileType = sourcecode.swift; path = Utilities.swift; sourceTree = "<group>"; };
		E5F3D855280DA5D3007AF7A1 /* GoogleService-Info.plist */ = {isa = PBXFileReference; fileEncoding = 4; lastKnownFileType = text.plist.xml; path = "GoogleService-Info.plist"; sourceTree = "<group>"; };
		E5F3D857280DA8A0007AF7A1 /* ButtonAnimations.swift */ = {isa = PBXFileReference; lastKnownFileType = sourcecode.swift; path = ButtonAnimations.swift; sourceTree = "<group>"; };
		E5F3D859280DA969007AF7A1 /* TextFieldValidator.swift */ = {isa = PBXFileReference; lastKnownFileType = sourcecode.swift; path = TextFieldValidator.swift; sourceTree = "<group>"; };
		E5F3D85C280DBF10007AF7A1 /* SensorsListController.swift */ = {isa = PBXFileReference; lastKnownFileType = sourcecode.swift; path = SensorsListController.swift; sourceTree = "<group>"; };
		E5F3D85F280DC043007AF7A1 /* TabBarViewController.swift */ = {isa = PBXFileReference; lastKnownFileType = sourcecode.swift; path = TabBarViewController.swift; sourceTree = "<group>"; };
		E5F3D862280DC2AA007AF7A1 /* EntranceScannerController.swift */ = {isa = PBXFileReference; lastKnownFileType = sourcecode.swift; path = EntranceScannerController.swift; sourceTree = "<group>"; };
		E5F3D864280DD061007AF7A1 /* EntranceManager.swift */ = {isa = PBXFileReference; lastKnownFileType = sourcecode.swift; path = EntranceManager.swift; sourceTree = "<group>"; };
		E5F3D866280DD0C5007AF7A1 /* EntranceModel.swift */ = {isa = PBXFileReference; lastKnownFileType = sourcecode.swift; path = EntranceModel.swift; sourceTree = "<group>"; };
		E5F3D86A280DDAD3007AF7A1 /* SensorsListView.swift */ = {isa = PBXFileReference; lastKnownFileType = sourcecode.swift; path = SensorsListView.swift; sourceTree = "<group>"; };
		E5F3D86C280DF56C007AF7A1 /* SensorCollectionViewCell.swift */ = {isa = PBXFileReference; lastKnownFileType = sourcecode.swift; path = SensorCollectionViewCell.swift; sourceTree = "<group>"; };
		E5F3D86F280E16B0007AF7A1 /* DevicesListController.swift */ = {isa = PBXFileReference; lastKnownFileType = sourcecode.swift; path = DevicesListController.swift; sourceTree = "<group>"; };
		E5F3D871280E16C4007AF7A1 /* DevicesListView.swift */ = {isa = PBXFileReference; lastKnownFileType = sourcecode.swift; path = DevicesListView.swift; sourceTree = "<group>"; };
		E5F3D873280E1706007AF7A1 /* BulbViewCell.swift */ = {isa = PBXFileReference; lastKnownFileType = sourcecode.swift; path = BulbViewCell.swift; sourceTree = "<group>"; };
/* End PBXFileReference section */

/* Begin PBXFrameworksBuildPhase section */
		E5E84E35280D8D220013F5EC /* Frameworks */ = {
			isa = PBXFrameworksBuildPhase;
			buildActionMask = 2147483647;
			files = (
				D7D6B5947C74C888EE0824E7 /* Pods_CornOffice.framework in Frameworks */,
			);
			runOnlyForDeploymentPostprocessing = 0;
		};
/* End PBXFrameworksBuildPhase section */

/* Begin PBXGroup section */
		6535BB2700F35E2DB9BB516E /* Frameworks */ = {
			isa = PBXGroup;
			children = (
				34DAE70FC39FE31A57405D83 /* Pods_CornOffice.framework */,
			);
			name = Frameworks;
			sourceTree = "<group>";
		};
		D555C7903DDD15A98E18F7A2 /* Pods */ = {
			isa = PBXGroup;
			children = (
				C0508754BA3B18C68F8C390E /* Pods-CornOffice.debug.xcconfig */,
				C16C23AC866E61CF41C135CB /* Pods-CornOffice.release.xcconfig */,
			);
			path = Pods;
			sourceTree = "<group>";
		};
		E5530455280EBE9400991144 /* HubScreen */ = {
			isa = PBXGroup;
			children = (
				E5530458280EBEE700991144 /* HubView.swift */,
				E5530456280EBED000991144 /* HubController.swift */,
			);
			path = HubScreen;
			sourceTree = "<group>";
		};
		E5ACC096280E60C5008AA9AB /* View */ = {
			isa = PBXGroup;
			children = (
				E5F3D86A280DDAD3007AF7A1 /* SensorsListView.swift */,
				E5F3D86C280DF56C007AF7A1 /* SensorCollectionViewCell.swift */,
			);
			path = View;
			sourceTree = "<group>";
		};
		E5ACC097280E60CE008AA9AB /* Controller */ = {
			isa = PBXGroup;
			children = (
				E5F3D85C280DBF10007AF7A1 /* SensorsListController.swift */,
			);
			path = Controller;
			sourceTree = "<group>";
		};
		E5ACC09A280E60EB008AA9AB /* Model */ = {
			isa = PBXGroup;
			children = (
				E5ACC098280E60E3008AA9AB /* SensorManager.swift */,
				E5ACC09B280E6121008AA9AB /* SensorModel.swift */,
			);
			path = Model;
			sourceTree = "<group>";
		};
		E5ACC09D280E7CE7008AA9AB /* Model */ = {
			isa = PBXGroup;
			children = (
				E5ACC09E280E7CF1008AA9AB /* DeviceManager.swift */,
				E5ACC0A0280E7D21008AA9AB /* DeviceModel.swift */,
			);
			path = Model;
			sourceTree = "<group>";
		};
		E5ACC0A3280E7DE0008AA9AB /* View */ = {
			isa = PBXGroup;
			children = (
				E5ACC0A5280E96F0008AA9AB /* KettleViewCell.swift */,
				E5F3D873280E1706007AF7A1 /* BulbViewCell.swift */,
				E5F3D871280E16C4007AF7A1 /* DevicesListView.swift */,
			);
			path = View;
			sourceTree = "<group>";
		};
		E5ACC0A4280E7DE6008AA9AB /* Controller */ = {
			isa = PBXGroup;
			children = (
				E5F3D86F280E16B0007AF7A1 /* DevicesListController.swift */,
			);
			path = Controller;
			sourceTree = "<group>";
		};
		E5E84E2F280D8D220013F5EC = {
			isa = PBXGroup;
			children = (
				E5E84E3A280D8D220013F5EC /* CornOffice */,
				E5E84E39280D8D220013F5EC /* Products */,
				D555C7903DDD15A98E18F7A2 /* Pods */,
				6535BB2700F35E2DB9BB516E /* Frameworks */,
			);
			sourceTree = "<group>";
		};
		E5E84E39280D8D220013F5EC /* Products */ = {
			isa = PBXGroup;
			children = (
				E5E84E38280D8D220013F5EC /* CornOffice.app */,
			);
			name = Products;
			sourceTree = "<group>";
		};
		E5E84E3A280D8D220013F5EC /* CornOffice */ = {
			isa = PBXGroup;
			children = (
				E5F3D852280DA2D1007AF7A1 /* Helpers */,
				E5F3D85E280DC026007AF7A1 /* TabBar */,
				E5530455280EBE9400991144 /* HubScreen */,
				E5F3D86E280E169A007AF7A1 /* DevicesScreen */,
				E5F3D861280DC266007AF7A1 /* EntranceScannerScreen */,
				E5F3D85B280DBEE9007AF7A1 /* SensorsScreen */,
				E5E84E3B280D8D220013F5EC /* AppDelegate.swift */,
				E5E84E4F280D96340013F5EC /* LoginScreen */,
				E5E84E50280D963F0013F5EC /* Supporting Files */,
				E5E84E49280D8D240013F5EC /* Info.plist */,
				E5F3D855280DA5D3007AF7A1 /* GoogleService-Info.plist */,
				E5E84E44280D8D240013F5EC /* Assets.xcassets */,
			);
			path = CornOffice;
			sourceTree = "<group>";
		};
		E5E84E4F280D96340013F5EC /* LoginScreen */ = {
			isa = PBXGroup;
			children = (
				E5F3D859280DA969007AF7A1 /* TextFieldValidator.swift */,
				E5F3D850280D97C8007AF7A1 /* LoginView.swift */,
				E5E84E3F280D8D220013F5EC /* LoginController.swift */,
			);
			path = LoginScreen;
			sourceTree = "<group>";
		};
		E5E84E50280D963F0013F5EC /* Supporting Files */ = {
			isa = PBXGroup;
			children = (
				E5E84E46280D8D240013F5EC /* LaunchScreen.storyboard */,
			);
			path = "Supporting Files";
			sourceTree = "<group>";
		};
		E5F3D852280DA2D1007AF7A1 /* Helpers */ = {
			isa = PBXGroup;
			children = (
				E5F3D853280DA2F4007AF7A1 /* Utilities.swift */,
				E5F3D857280DA8A0007AF7A1 /* ButtonAnimations.swift */,
			);
			path = Helpers;
			sourceTree = "<group>";
		};
		E5F3D85B280DBEE9007AF7A1 /* SensorsScreen */ = {
			isa = PBXGroup;
			children = (
				E5ACC09A280E60EB008AA9AB /* Model */,
				E5ACC096280E60C5008AA9AB /* View */,
				E5ACC097280E60CE008AA9AB /* Controller */,
			);
			path = SensorsScreen;
			sourceTree = "<group>";
		};
		E5F3D85E280DC026007AF7A1 /* TabBar */ = {
			isa = PBXGroup;
			children = (
				E5F3D85F280DC043007AF7A1 /* TabBarViewController.swift */,
			);
			path = TabBar;
			sourceTree = "<group>";
		};
		E5F3D861280DC266007AF7A1 /* EntranceScannerScreen */ = {
			isa = PBXGroup;
			children = (
				E5F3D869280DD0D7007AF7A1 /* ViewController */,
				E5F3D868280DD0D0007AF7A1 /* Model */,
			);
			path = EntranceScannerScreen;
			sourceTree = "<group>";
		};
		E5F3D868280DD0D0007AF7A1 /* Model */ = {
			isa = PBXGroup;
			children = (
				E5F3D864280DD061007AF7A1 /* EntranceManager.swift */,
				E5F3D866280DD0C5007AF7A1 /* EntranceModel.swift */,
			);
			path = Model;
			sourceTree = "<group>";
		};
		E5F3D869280DD0D7007AF7A1 /* ViewController */ = {
			isa = PBXGroup;
			children = (
				E5F3D862280DC2AA007AF7A1 /* EntranceScannerController.swift */,
			);
			path = ViewController;
			sourceTree = "<group>";
		};
		E5F3D86E280E169A007AF7A1 /* DevicesScreen */ = {
			isa = PBXGroup;
			children = (
				E5ACC09D280E7CE7008AA9AB /* Model */,
				E5ACC0A3280E7DE0008AA9AB /* View */,
				E5ACC0A4280E7DE6008AA9AB /* Controller */,
			);
			path = DevicesScreen;
			sourceTree = "<group>";
		};
/* End PBXGroup section */

/* Begin PBXNativeTarget section */
		E5E84E37280D8D220013F5EC /* CornOffice */ = {
			isa = PBXNativeTarget;
			buildConfigurationList = E5E84E4C280D8D240013F5EC /* Build configuration list for PBXNativeTarget "CornOffice" */;
			buildPhases = (
				900B2091438BB5DEBA1D7E1A /* [CP] Check Pods Manifest.lock */,
				E5E84E34280D8D220013F5EC /* Sources */,
				E5E84E35280D8D220013F5EC /* Frameworks */,
				E5E84E36280D8D220013F5EC /* Resources */,
				6CB9A742FA34E2F02DFF2BBF /* [CP] Embed Pods Frameworks */,
			);
			buildRules = (
			);
			dependencies = (
			);
			name = CornOffice;
			productName = CornOffice;
			productReference = E5E84E38280D8D220013F5EC /* CornOffice.app */;
			productType = "com.apple.product-type.application";
		};
/* End PBXNativeTarget section */

/* Begin PBXProject section */
		E5E84E30280D8D220013F5EC /* Project object */ = {
			isa = PBXProject;
			attributes = {
				BuildIndependentTargetsInParallel = 1;
				LastSwiftUpdateCheck = 1330;
				LastUpgradeCheck = 1330;
				TargetAttributes = {
					E5E84E37280D8D220013F5EC = {
						CreatedOnToolsVersion = 13.3.1;
					};
				};
			};
			buildConfigurationList = E5E84E33280D8D220013F5EC /* Build configuration list for PBXProject "CornOffice" */;
			compatibilityVersion = "Xcode 13.0";
			developmentRegion = en;
			hasScannedForEncodings = 0;
			knownRegions = (
				en,
				Base,
			);
			mainGroup = E5E84E2F280D8D220013F5EC;
			productRefGroup = E5E84E39280D8D220013F5EC /* Products */;
			projectDirPath = "";
			projectRoot = "";
			targets = (
				E5E84E37280D8D220013F5EC /* CornOffice */,
			);
		};
/* End PBXProject section */

/* Begin PBXResourcesBuildPhase section */
		E5E84E36280D8D220013F5EC /* Resources */ = {
			isa = PBXResourcesBuildPhase;
			buildActionMask = 2147483647;
			files = (
				E5E84E48280D8D240013F5EC /* LaunchScreen.storyboard in Resources */,
				E5E84E45280D8D240013F5EC /* Assets.xcassets in Resources */,
				E5F3D856280DA5D4007AF7A1 /* GoogleService-Info.plist in Resources */,
			);
			runOnlyForDeploymentPostprocessing = 0;
		};
/* End PBXResourcesBuildPhase section */

/* Begin PBXShellScriptBuildPhase section */
		6CB9A742FA34E2F02DFF2BBF /* [CP] Embed Pods Frameworks */ = {
			isa = PBXShellScriptBuildPhase;
			buildActionMask = 2147483647;
			files = (
			);
			inputFileListPaths = (
				"${PODS_ROOT}/Target Support Files/Pods-CornOffice/Pods-CornOffice-frameworks-${CONFIGURATION}-input-files.xcfilelist",
			);
			name = "[CP] Embed Pods Frameworks";
			outputFileListPaths = (
				"${PODS_ROOT}/Target Support Files/Pods-CornOffice/Pods-CornOffice-frameworks-${CONFIGURATION}-output-files.xcfilelist",
			);
			runOnlyForDeploymentPostprocessing = 0;
			shellPath = /bin/sh;
			shellScript = "\"${PODS_ROOT}/Target Support Files/Pods-CornOffice/Pods-CornOffice-frameworks.sh\"\n";
			showEnvVarsInLog = 0;
		};
		900B2091438BB5DEBA1D7E1A /* [CP] Check Pods Manifest.lock */ = {
			isa = PBXShellScriptBuildPhase;
			buildActionMask = 2147483647;
			files = (
			);
			inputFileListPaths = (
			);
			inputPaths = (
				"${PODS_PODFILE_DIR_PATH}/Podfile.lock",
				"${PODS_ROOT}/Manifest.lock",
			);
			name = "[CP] Check Pods Manifest.lock";
			outputFileListPaths = (
			);
			outputPaths = (
				"$(DERIVED_FILE_DIR)/Pods-CornOffice-checkManifestLockResult.txt",
			);
			runOnlyForDeploymentPostprocessing = 0;
			shellPath = /bin/sh;
			shellScript = "diff \"${PODS_PODFILE_DIR_PATH}/Podfile.lock\" \"${PODS_ROOT}/Manifest.lock\" > /dev/null\nif [ $? != 0 ] ; then\n    # print error to STDERR\n    echo \"error: The sandbox is not in sync with the Podfile.lock. Run 'pod install' or update your CocoaPods installation.\" >&2\n    exit 1\nfi\n# This output is used by Xcode 'outputs' to avoid re-running this script phase.\necho \"SUCCESS\" > \"${SCRIPT_OUTPUT_FILE_0}\"\n";
			showEnvVarsInLog = 0;
		};
/* End PBXShellScriptBuildPhase section */

/* Begin PBXSourcesBuildPhase section */
		E5E84E34280D8D220013F5EC /* Sources */ = {
			isa = PBXSourcesBuildPhase;
			buildActionMask = 2147483647;
			files = (
				E5F3D867280DD0C5007AF7A1 /* EntranceModel.swift in Sources */,
				E5ACC09F280E7CF1008AA9AB /* DeviceManager.swift in Sources */,
				E5F3D860280DC043007AF7A1 /* TabBarViewController.swift in Sources */,
				E5F3D86D280DF56C007AF7A1 /* SensorCollectionViewCell.swift in Sources */,
				E5ACC09C280E6121008AA9AB /* SensorModel.swift in Sources */,
				E5530459280EBEE700991144 /* HubView.swift in Sources */,
				E5F3D870280E16B0007AF7A1 /* DevicesListController.swift in Sources */,
				E5F3D858280DA8A0007AF7A1 /* ButtonAnimations.swift in Sources */,
				E5F3D863280DC2AA007AF7A1 /* EntranceScannerController.swift in Sources */,
				E5F3D86B280DDAD3007AF7A1 /* SensorsListView.swift in Sources */,
				E5F3D85D280DBF10007AF7A1 /* SensorsListController.swift in Sources */,
				E5F3D851280D97C8007AF7A1 /* LoginView.swift in Sources */,
				E5E84E40280D8D220013F5EC /* LoginController.swift in Sources */,
				E5F3D854280DA2F4007AF7A1 /* Utilities.swift in Sources */,
				E5F3D874280E1706007AF7A1 /* BulbViewCell.swift in Sources */,
				E5530457280EBED000991144 /* HubController.swift in Sources */,
				E5ACC0A6280E96F0008AA9AB /* KettleViewCell.swift in Sources */,
				E5ACC099280E60E3008AA9AB /* SensorManager.swift in Sources */,
				E5F3D865280DD061007AF7A1 /* EntranceManager.swift in Sources */,
				E5F3D85A280DA969007AF7A1 /* TextFieldValidator.swift in Sources */,
				E5ACC0A1280E7D21008AA9AB /* DeviceModel.swift in Sources */,
				E5F3D872280E16C4007AF7A1 /* DevicesListView.swift in Sources */,
				E5E84E3C280D8D220013F5EC /* AppDelegate.swift in Sources */,
			);
			runOnlyForDeploymentPostprocessing = 0;
		};
/* End PBXSourcesBuildPhase section */

/* Begin PBXVariantGroup section */
		E5E84E46280D8D240013F5EC /* LaunchScreen.storyboard */ = {
			isa = PBXVariantGroup;
			children = (
				E5E84E47280D8D240013F5EC /* Base */,
			);
			name = LaunchScreen.storyboard;
			sourceTree = "<group>";
		};
/* End PBXVariantGroup section */

/* Begin XCBuildConfiguration section */
		E5E84E4A280D8D240013F5EC /* Debug */ = {
			isa = XCBuildConfiguration;
			buildSettings = {
				ALWAYS_SEARCH_USER_PATHS = NO;
				CLANG_ANALYZER_NONNULL = YES;
				CLANG_ANALYZER_NUMBER_OBJECT_CONVERSION = YES_AGGRESSIVE;
				CLANG_CXX_LANGUAGE_STANDARD = "gnu++17";
				CLANG_ENABLE_MODULES = YES;
				CLANG_ENABLE_OBJC_ARC = YES;
				CLANG_ENABLE_OBJC_WEAK = YES;
				CLANG_WARN_BLOCK_CAPTURE_AUTORELEASING = YES;
				CLANG_WARN_BOOL_CONVERSION = YES;
				CLANG_WARN_COMMA = YES;
				CLANG_WARN_CONSTANT_CONVERSION = YES;
				CLANG_WARN_DEPRECATED_OBJC_IMPLEMENTATIONS = YES;
				CLANG_WARN_DIRECT_OBJC_ISA_USAGE = YES_ERROR;
				CLANG_WARN_DOCUMENTATION_COMMENTS = YES;
				CLANG_WARN_EMPTY_BODY = YES;
				CLANG_WARN_ENUM_CONVERSION = YES;
				CLANG_WARN_INFINITE_RECURSION = YES;
				CLANG_WARN_INT_CONVERSION = YES;
				CLANG_WARN_NON_LITERAL_NULL_CONVERSION = YES;
				CLANG_WARN_OBJC_IMPLICIT_RETAIN_SELF = YES;
				CLANG_WARN_OBJC_LITERAL_CONVERSION = YES;
				CLANG_WARN_OBJC_ROOT_CLASS = YES_ERROR;
				CLANG_WARN_QUOTED_INCLUDE_IN_FRAMEWORK_HEADER = YES;
				CLANG_WARN_RANGE_LOOP_ANALYSIS = YES;
				CLANG_WARN_STRICT_PROTOTYPES = YES;
				CLANG_WARN_SUSPICIOUS_MOVE = YES;
				CLANG_WARN_UNGUARDED_AVAILABILITY = YES_AGGRESSIVE;
				CLANG_WARN_UNREACHABLE_CODE = YES;
				CLANG_WARN__DUPLICATE_METHOD_MATCH = YES;
				COPY_PHASE_STRIP = NO;
				DEBUG_INFORMATION_FORMAT = dwarf;
				ENABLE_STRICT_OBJC_MSGSEND = YES;
				ENABLE_TESTABILITY = YES;
				GCC_C_LANGUAGE_STANDARD = gnu11;
				GCC_DYNAMIC_NO_PIC = NO;
				GCC_NO_COMMON_BLOCKS = YES;
				GCC_OPTIMIZATION_LEVEL = 0;
				GCC_PREPROCESSOR_DEFINITIONS = (
					"DEBUG=1",
					"$(inherited)",
				);
				GCC_WARN_64_TO_32_BIT_CONVERSION = YES;
				GCC_WARN_ABOUT_RETURN_TYPE = YES_ERROR;
				GCC_WARN_UNDECLARED_SELECTOR = YES;
				GCC_WARN_UNINITIALIZED_AUTOS = YES_AGGRESSIVE;
				GCC_WARN_UNUSED_FUNCTION = YES;
				GCC_WARN_UNUSED_VARIABLE = YES;
				IPHONEOS_DEPLOYMENT_TARGET = 15.4;
				MTL_ENABLE_DEBUG_INFO = INCLUDE_SOURCE;
				MTL_FAST_MATH = YES;
				ONLY_ACTIVE_ARCH = YES;
				SDKROOT = iphoneos;
				SWIFT_ACTIVE_COMPILATION_CONDITIONS = DEBUG;
				SWIFT_OPTIMIZATION_LEVEL = "-Onone";
			};
			name = Debug;
		};
		E5E84E4B280D8D240013F5EC /* Release */ = {
			isa = XCBuildConfiguration;
			buildSettings = {
				ALWAYS_SEARCH_USER_PATHS = NO;
				CLANG_ANALYZER_NONNULL = YES;
				CLANG_ANALYZER_NUMBER_OBJECT_CONVERSION = YES_AGGRESSIVE;
				CLANG_CXX_LANGUAGE_STANDARD = "gnu++17";
				CLANG_ENABLE_MODULES = YES;
				CLANG_ENABLE_OBJC_ARC = YES;
				CLANG_ENABLE_OBJC_WEAK = YES;
				CLANG_WARN_BLOCK_CAPTURE_AUTORELEASING = YES;
				CLANG_WARN_BOOL_CONVERSION = YES;
				CLANG_WARN_COMMA = YES;
				CLANG_WARN_CONSTANT_CONVERSION = YES;
				CLANG_WARN_DEPRECATED_OBJC_IMPLEMENTATIONS = YES;
				CLANG_WARN_DIRECT_OBJC_ISA_USAGE = YES_ERROR;
				CLANG_WARN_DOCUMENTATION_COMMENTS = YES;
				CLANG_WARN_EMPTY_BODY = YES;
				CLANG_WARN_ENUM_CONVERSION = YES;
				CLANG_WARN_INFINITE_RECURSION = YES;
				CLANG_WARN_INT_CONVERSION = YES;
				CLANG_WARN_NON_LITERAL_NULL_CONVERSION = YES;
				CLANG_WARN_OBJC_IMPLICIT_RETAIN_SELF = YES;
				CLANG_WARN_OBJC_LITERAL_CONVERSION = YES;
				CLANG_WARN_OBJC_ROOT_CLASS = YES_ERROR;
				CLANG_WARN_QUOTED_INCLUDE_IN_FRAMEWORK_HEADER = YES;
				CLANG_WARN_RANGE_LOOP_ANALYSIS = YES;
				CLANG_WARN_STRICT_PROTOTYPES = YES;
				CLANG_WARN_SUSPICIOUS_MOVE = YES;
				CLANG_WARN_UNGUARDED_AVAILABILITY = YES_AGGRESSIVE;
				CLANG_WARN_UNREACHABLE_CODE = YES;
				CLANG_WARN__DUPLICATE_METHOD_MATCH = YES;
				COPY_PHASE_STRIP = NO;
				DEBUG_INFORMATION_FORMAT = "dwarf-with-dsym";
				ENABLE_NS_ASSERTIONS = NO;
				ENABLE_STRICT_OBJC_MSGSEND = YES;
				GCC_C_LANGUAGE_STANDARD = gnu11;
				GCC_NO_COMMON_BLOCKS = YES;
				GCC_WARN_64_TO_32_BIT_CONVERSION = YES;
				GCC_WARN_ABOUT_RETURN_TYPE = YES_ERROR;
				GCC_WARN_UNDECLARED_SELECTOR = YES;
				GCC_WARN_UNINITIALIZED_AUTOS = YES_AGGRESSIVE;
				GCC_WARN_UNUSED_FUNCTION = YES;
				GCC_WARN_UNUSED_VARIABLE = YES;
				IPHONEOS_DEPLOYMENT_TARGET = 15.4;
				MTL_ENABLE_DEBUG_INFO = NO;
				MTL_FAST_MATH = YES;
				SDKROOT = iphoneos;
				SWIFT_COMPILATION_MODE = wholemodule;
				SWIFT_OPTIMIZATION_LEVEL = "-O";
				VALIDATE_PRODUCT = YES;
			};
			name = Release;
		};
		E5E84E4D280D8D240013F5EC /* Debug */ = {
			isa = XCBuildConfiguration;
			baseConfigurationReference = C0508754BA3B18C68F8C390E /* Pods-CornOffice.debug.xcconfig */;
			buildSettings = {
				ASSETCATALOG_COMPILER_APPICON_NAME = AppIcon;
				ASSETCATALOG_COMPILER_GLOBAL_ACCENT_COLOR_NAME = AccentColor;
				CODE_SIGN_STYLE = Automatic;
				CURRENT_PROJECT_VERSION = 1;
				DEVELOPMENT_TEAM = RTG39GK7BU;
				GENERATE_INFOPLIST_FILE = YES;
				INFOPLIST_FILE = CornOffice/Info.plist;
				INFOPLIST_KEY_UIApplicationSupportsIndirectInputEvents = YES;
				INFOPLIST_KEY_UILaunchStoryboardName = LaunchScreen;
				INFOPLIST_KEY_UISupportedInterfaceOrientations = UIInterfaceOrientationPortrait;
				INFOPLIST_KEY_UISupportedInterfaceOrientations_iPad = "UIInterfaceOrientationPortrait UIInterfaceOrientationPortraitUpsideDown UIInterfaceOrientationLandscapeLeft UIInterfaceOrientationLandscapeRight";
				INFOPLIST_KEY_UISupportedInterfaceOrientations_iPhone = "UIInterfaceOrientationPortrait UIInterfaceOrientationLandscapeLeft UIInterfaceOrientationLandscapeRight";
				LD_RUNPATH_SEARCH_PATHS = (
					"$(inherited)",
					"@executable_path/Frameworks",
				);
				MARKETING_VERSION = 1.0;
				PRODUCT_BUNDLE_IDENTIFIER = com.art22m.CornOffice;
				PRODUCT_NAME = "$(TARGET_NAME)";
				SWIFT_EMIT_LOC_STRINGS = YES;
				SWIFT_VERSION = 5.0;
				TARGETED_DEVICE_FAMILY = "1,2";
			};
			name = Debug;
		};
		E5E84E4E280D8D240013F5EC /* Release */ = {
			isa = XCBuildConfiguration;
			baseConfigurationReference = C16C23AC866E61CF41C135CB /* Pods-CornOffice.release.xcconfig */;
			buildSettings = {
				ASSETCATALOG_COMPILER_APPICON_NAME = AppIcon;
				ASSETCATALOG_COMPILER_GLOBAL_ACCENT_COLOR_NAME = AccentColor;
				CODE_SIGN_STYLE = Automatic;
				CURRENT_PROJECT_VERSION = 1;
				DEVELOPMENT_TEAM = RTG39GK7BU;
				GENERATE_INFOPLIST_FILE = YES;
				INFOPLIST_FILE = CornOffice/Info.plist;
				INFOPLIST_KEY_UIApplicationSupportsIndirectInputEvents = YES;
				INFOPLIST_KEY_UILaunchStoryboardName = LaunchScreen;
				INFOPLIST_KEY_UISupportedInterfaceOrientations = UIInterfaceOrientationPortrait;
				INFOPLIST_KEY_UISupportedInterfaceOrientations_iPad = "UIInterfaceOrientationPortrait UIInterfaceOrientationPortraitUpsideDown UIInterfaceOrientationLandscapeLeft UIInterfaceOrientationLandscapeRight";
				INFOPLIST_KEY_UISupportedInterfaceOrientations_iPhone = "UIInterfaceOrientationPortrait UIInterfaceOrientationLandscapeLeft UIInterfaceOrientationLandscapeRight";
				LD_RUNPATH_SEARCH_PATHS = (
					"$(inherited)",
					"@executable_path/Frameworks",
				);
				MARKETING_VERSION = 1.0;
				PRODUCT_BUNDLE_IDENTIFIER = com.art22m.CornOffice;
				PRODUCT_NAME = "$(TARGET_NAME)";
				SWIFT_EMIT_LOC_STRINGS = YES;
				SWIFT_VERSION = 5.0;
				TARGETED_DEVICE_FAMILY = "1,2";
			};
			name = Release;
		};
/* End XCBuildConfiguration section */

/* Begin XCConfigurationList section */
		E5E84E33280D8D220013F5EC /* Build configuration list for PBXProject "CornOffice" */ = {
			isa = XCConfigurationList;
			buildConfigurations = (
				E5E84E4A280D8D240013F5EC /* Debug */,
				E5E84E4B280D8D240013F5EC /* Release */,
			);
			defaultConfigurationIsVisible = 0;
			defaultConfigurationName = Release;
		};
		E5E84E4C280D8D240013F5EC /* Build configuration list for PBXNativeTarget "CornOffice" */ = {
			isa = XCConfigurationList;
			buildConfigurations = (
				E5E84E4D280D8D240013F5EC /* Debug */,
				E5E84E4E280D8D240013F5EC /* Release */,
			);
			defaultConfigurationIsVisible = 0;
			defaultConfigurationName = Release;
		};
/* End XCConfigurationList section */
	};
	rootObject = E5E84E30280D8D220013F5EC /* Project object */;
}
